
Microsoft Visual Studio Solution File, Format Version 12.00
# Visual Studio Version 17
VisualStudioVersion = 17.4.33103.184
MinimumVisualStudioVersion = 10.0.40219.1
Project("{FAE04EC0-301F-11D3-BF4B-00C04F79EFBC}") = "WpfApp", "WpfApp\WpfApp.csproj", "{903B499B-C9B4-4AE4-9128-B3FEE599A0BB}"
EndProject
Global
	GlobalSection(SolutionConfigurationPlatforms) = preSolution
		Debug|Any CPU = Debug|Any CPU
		Release|Any CPU = Release|Any CPU
	EndGlobalSection
	GlobalSection(ProjectConfigurationPlatforms) = postSolution
		{903B499B-C9B4-4AE4-9128-B3FEE599A0BB}.Debug|Any CPU.ActiveCfg = Debug|Any CPU
		{903B499B-C9B4-4AE4-9128-B3FEE599A0BB}.Debug|Any CPU.Build.0 = Debug|Any CPU
		{903B499B-C9B4-4AE4-9128-B3FEE599A0BB}.Release|Any CPU.ActiveCfg = Release|Any CPU
		{903B499B-C9B4-4AE4-9128-B3FEE599A0BB}.Release|Any CPU.Build.0 = Release|Any CPU
	EndGlobalSection
	GlobalSection(SolutionProperties) = preSolution
		HideSolutionNode = FALSE
	EndGlobalSection
	GlobalSection(ExtensibilityGlobals) = postSolution
		SolutionGuid = {43AF0D87-F1F3-4534-942F-4C8A66394484}
	EndGlobalSection
EndGlobal
